// !$*UTF8*$!
{
	archiveVersion = 1;
	classes = {
	};
	objectVersion = 50;
	objects = {

/* Begin PBXBuildFile section */
		F1A238A82241437A00D1F49D /* AppDelegate.swift in Sources */ = {isa = PBXBuildFile; fileRef = F1A238A72241437A00D1F49D /* AppDelegate.swift */; };
		F1A238AA2241437A00D1F49D /* ViewController.swift in Sources */ = {isa = PBXBuildFile; fileRef = F1A238A92241437A00D1F49D /* ViewController.swift */; };
		F1A238AD2241437A00D1F49D /* Main.storyboard in Resources */ = {isa = PBXBuildFile; fileRef = F1A238AB2241437A00D1F49D /* Main.storyboard */; };
		F1A238AF2241437B00D1F49D /* Assets.xcassets in Resources */ = {isa = PBXBuildFile; fileRef = F1A238AE2241437B00D1F49D /* Assets.xcassets */; };
		F1A238B22241437B00D1F49D /* LaunchScreen.storyboard in Resources */ = {isa = PBXBuildFile; fileRef = F1A238B02241437B00D1F49D /* LaunchScreen.storyboard */; };
		F1A238BD2241437B00D1F49D /* HW1Tests.swift in Sources */ = {isa = PBXBuildFile; fileRef = F1A238BC2241437B00D1F49D /* HW1Tests.swift */; };
		F1A238C82241437B00D1F49D /* HW1UITests.swift in Sources */ = {isa = PBXBuildFile; fileRef = F1A238C72241437B00D1F49D /* HW1UITests.swift */; };
/* End PBXBuildFile section */

/* Begin PBXContainerItemProxy section */
		F1A238B92241437B00D1F49D /* PBXContainerItemProxy */ = {
			isa = PBXContainerItemProxy;
			containerPortal = F1A2389C2241437A00D1F49D /* Project object */;
			proxyType = 1;
			remoteGlobalIDString = F1A238A32241437A00D1F49D;
			remoteInfo = HW1;
		};
		F1A238C42241437B00D1F49D /* PBXContainerItemProxy */ = {
			isa = PBXContainerItemProxy;
			containerPortal = F1A2389C2241437A00D1F49D /* Project object */;
			proxyType = 1;
			remoteGlobalIDString = F1A238A32241437A00D1F49D;
			remoteInfo = HW1;
		};
/* End PBXContainerItemProxy section */

/* Begin PBXFileReference section */
		F1A238A42241437A00D1F49D /* HW1.app */ = {isa = PBXFileReference; explicitFileType = wrapper.application; includeInIndex = 0; path = HW1.app; sourceTree = BUILT_PRODUCTS_DIR; };
		F1A238A72241437A00D1F49D /* AppDelegate.swift */ = {isa = PBXFileReference; lastKnownFileType = sourcecode.swift; path = AppDelegate.swift; sourceTree = "<group>"; };
		F1A238A92241437A00D1F49D /* ViewController.swift */ = {isa = PBXFileReference; lastKnownFileType = sourcecode.swift; path = ViewController.swift; sourceTree = "<group>"; };
		F1A238AC2241437A00D1F49D /* Base */ = {isa = PBXFileReference; lastKnownFileType = file.storyboard; name = Base; path = Base.lproj/Main.storyboard; sourceTree = "<group>"; };
		F1A238AE2241437B00D1F49D /* Assets.xcassets */ = {isa = PBXFileReference; lastKnownFileType = folder.assetcatalog; path = Assets.xcassets; sourceTree = "<group>"; };
		F1A238B12241437B00D1F49D /* Base */ = {isa = PBXFileReference; lastKnownFileType = file.storyboard; name = Base; path = Base.lproj/LaunchScreen.storyboard; sourceTree = "<group>"; };
		F1A238B32241437B00D1F49D /* Info.plist */ = {isa = PBXFileReference; lastKnownFileType = text.plist.xml; path = Info.plist; sourceTree = "<group>"; };
		F1A238B82241437B00D1F49D /* HW1Tests.xctest */ = {isa = PBXFileReference; explicitFileType = wrapper.cfbundle; includeInIndex = 0; path = HW1Tests.xctest; sourceTree = BUILT_PRODUCTS_DIR; };
		F1A238BC2241437B00D1F49D /* HW1Tests.swift */ = {isa = PBXFileReference; lastKnownFileType = sourcecode.swift; path = HW1Tests.swift; sourceTree = "<group>"; };
		F1A238BE2241437B00D1F49D /* Info.plist */ = {isa = PBXFileReference; lastKnownFileType = text.plist.xml; path = Info.plist; sourceTree = "<group>"; };
		F1A238C32241437B00D1F49D /* HW1UITests.xctest */ = {isa = PBXFileReference; explicitFileType = wrapper.cfbundle; includeInIndex = 0; path = HW1UITests.xctest; sourceTree = BUILT_PRODUCTS_DIR; };
		F1A238C72241437B00D1F49D /* HW1UITests.swift */ = {isa = PBXFileReference; lastKnownFileType = sourcecode.swift; path = HW1UITests.swift; sourceTree = "<group>"; };
		F1A238C92241437B00D1F49D /* Info.plist */ = {isa = PBXFileReference; lastKnownFileType = text.plist.xml; path = Info.plist; sourceTree = "<group>"; };
/* End PBXFileReference section */

/* Begin PBXFrameworksBuildPhase section */
		F1A238A12241437A00D1F49D /* Frameworks */ = {
			isa = PBXFrameworksBuildPhase;
			buildActionMask = 2147483647;
			files = (
			);
			runOnlyForDeploymentPostprocessing = 0;
		};
		F1A238B52241437B00D1F49D /* Frameworks */ = {
			isa = PBXFrameworksBuildPhase;
			buildActionMask = 2147483647;
			files = (
			);
			runOnlyForDeploymentPostprocessing = 0;
		};
		F1A238C02241437B00D1F49D /* Frameworks */ = {
			isa = PBXFrameworksBuildPhase;
			buildActionMask = 2147483647;
			files = (
			);
			runOnlyForDeploymentPostprocessing = 0;
		};
/* End PBXFrameworksBuildPhase section */

/* Begin PBXGroup section */
		F1A2389B2241437A00D1F49D = {
			isa = PBXGroup;
			children = (
				F1A238A62241437A00D1F49D /* HW1 */,
				F1A238BB2241437B00D1F49D /* HW1Tests */,
				F1A238C62241437B00D1F49D /* HW1UITests */,
				F1A238A52241437A00D1F49D /* Products */,
			);
			sourceTree = "<group>";
		};
		F1A238A52241437A00D1F49D /* Products */ = {
			isa = PBXGroup;
			children = (
				F1A238A42241437A00D1F49D /* HW1.app */,
				F1A238B82241437B00D1F49D /* HW1Tests.xctest */,
				F1A238C32241437B00D1F49D /* HW1UITests.xctest */,
			);
			name = Products;
			sourceTree = "<group>";
		};
		F1A238A62241437A00D1F49D /* HW1 */ = {
			isa = PBXGroup;
			children = (
				F1A238A72241437A00D1F49D /* AppDelegate.swift */,
				F1A238A92241437A00D1F49D /* ViewController.swift */,
				F1A238AB2241437A00D1F49D /* Main.storyboard */,
				F1A238AE2241437B00D1F49D /* Assets.xcassets */,
				F1A238B02241437B00D1F49D /* LaunchScreen.storyboard */,
				F1A238B32241437B00D1F49D /* Info.plist */,
			);
			path = HW1;
			sourceTree = "<group>";
		};
		F1A238BB2241437B00D1F49D /* HW1Tests */ = {
			isa = PBXGroup;
			children = (
				F1A238BC2241437B00D1F49D /* HW1Tests.swift */,
				F1A238BE2241437B00D1F49D /* Info.plist */,
			);
			path = HW1Tests;
			sourceTree = "<group>";
		};
		F1A238C62241437B00D1F49D /* HW1UITests */ = {
			isa = PBXGroup;
			children = (
				F1A238C72241437B00D1F49D /* HW1UITests.swift */,
				F1A238C92241437B00D1F49D /* Info.plist */,
			);
			path = HW1UITests;
			sourceTree = "<group>";
		};
/* End PBXGroup section */

/* Begin PBXNativeTarget section */
		F1A238A32241437A00D1F49D /* HW1 */ = {
			isa = PBXNativeTarget;
			buildConfigurationList = F1A238CC2241437B00D1F49D /* Build configuration list for PBXNativeTarget "HW1" */;
			buildPhases = (
				F1A238A02241437A00D1F49D /* Sources */,
				F1A238A12241437A00D1F49D /* Frameworks */,
				F1A238A22241437A00D1F49D /* Resources */,
			);
			buildRules = (
			);
			dependencies = (
			);
			name = HW1;
			productName = HW1;
			productReference = F1A238A42241437A00D1F49D /* HW1.app */;
			productType = "com.apple.product-type.application";
		};
		F1A238B72241437B00D1F49D /* HW1Tests */ = {
			isa = PBXNativeTarget;
			buildConfigurationList = F1A238CF2241437B00D1F49D /* Build configuration list for PBXNativeTarget "HW1Tests" */;
			buildPhases = (
				F1A238B42241437B00D1F49D /* Sources */,
				F1A238B52241437B00D1F49D /* Frameworks */,
				F1A238B62241437B00D1F49D /* Resources */,
			);
			buildRules = (
			);
			dependencies = (
				F1A238BA2241437B00D1F49D /* PBXTargetDependency */,
			);
			name = HW1Tests;
			productName = HW1Tests;
			productReference = F1A238B82241437B00D1F49D /* HW1Tests.xctest */;
			productType = "com.apple.product-type.bundle.unit-test";
		};
		F1A238C22241437B00D1F49D /* HW1UITests */ = {
			isa = PBXNativeTarget;
			buildConfigurationList = F1A238D22241437B00D1F49D /* Build configuration list for PBXNativeTarget "HW1UITests" */;
			buildPhases = (
				F1A238BF2241437B00D1F49D /* Sources */,
				F1A238C02241437B00D1F49D /* Frameworks */,
				F1A238C12241437B00D1F49D /* Resources */,
			);
			buildRules = (
			);
			dependencies = (
				F1A238C52241437B00D1F49D /* PBXTargetDependency */,
			);
			name = HW1UITests;
			productName = HW1UITests;
			productReference = F1A238C32241437B00D1F49D /* HW1UITests.xctest */;
			productType = "com.apple.product-type.bundle.ui-testing";
		};
/* End PBXNativeTarget section */

/* Begin PBXProject section */
		F1A2389C2241437A00D1F49D /* Project object */ = {
			isa = PBXProject;
			attributes = {
				LastSwiftUpdateCheck = 1010;
				LastUpgradeCheck = 1010;
				ORGANIZATIONNAME = "蔡承哲";
				TargetAttributes = {
					F1A238A32241437A00D1F49D = {
						CreatedOnToolsVersion = 10.1;
					};
					F1A238B72241437B00D1F49D = {
						CreatedOnToolsVersion = 10.1;
						TestTargetID = F1A238A32241437A00D1F49D;
					};
					F1A238C22241437B00D1F49D = {
						CreatedOnToolsVersion = 10.1;
						TestTargetID = F1A238A32241437A00D1F49D;
					};
				};
			};
			buildConfigurationList = F1A2389F2241437A00D1F49D /* Build configuration list for PBXProject "HW1" */;
			compatibilityVersion = "Xcode 9.3";
			developmentRegion = en;
			hasScannedForEncodings = 0;
			knownRegions = (
				en,
				Base,
			);
			mainGroup = F1A2389B2241437A00D1F49D;
			productRefGroup = F1A238A52241437A00D1F49D /* Products */;
			projectDirPath = "";
			projectRoot = "";
			targets = (
				F1A238A32241437A00D1F49D /* HW1 */,
				F1A238B72241437B00D1F49D /* HW1Tests */,
				F1A238C22241437B00D1F49D /* HW1UITests */,
			);
		};
/* End PBXProject section */

/* Begin PBXResourcesBuildPhase section */
		F1A238A22241437A00D1F49D /* Resources */ = {
			isa = PBXResourcesBuildPhase;
			buildActionMask = 2147483647;
			files = (
				F1A238B22241437B00D1F49D /* LaunchScreen.storyboard in Resources */,
				F1A238AF2241437B00D1F49D /* Assets.xcassets in Resources */,
				F1A238AD2241437A00D1F49D /* Main.storyboard in Resources */,
			);
			runOnlyForDeploymentPostprocessing = 0;
		};
		F1A238B62241437B00D1F49D /* Resources */ = {
			isa = PBXResourcesBuildPhase;
			buildActionMask = 2147483647;
			files = (
			);
			runOnlyForDeploymentPostprocessing = 0;
		};
		F1A238C12241437B00D1F49D /* Resources */ = {
			isa = PBXResourcesBuildPhase;
			buildActionMask = 2147483647;
			files = (
			);
			runOnlyForDeploymentPostprocessing = 0;
		};
/* End PBXResourcesBuildPhase section */

/* Begin PBXSourcesBuildPhase section */
		F1A238A02241437A00D1F49D /* Sources */ = {
			isa = PBXSourcesBuildPhase;
			buildActionMask = 2147483647;
			files = (
				F1A238AA2241437A00D1F49D /* ViewController.swift in Sources */,
				F1A238A82241437A00D1F49D /* AppDelegate.swift in Sources */,
			);
			runOnlyForDeploymentPostprocessing = 0;
		};
		F1A238B42241437B00D1F49D /* Sources */ = {
			isa = PBXSourcesBuildPhase;
			buildActionMask = 2147483647;
			files = (
				F1A238BD2241437B00D1F49D /* HW1Tests.swift in Sources */,
			);
			runOnlyForDeploymentPostprocessing = 0;
		};
		F1A238BF2241437B00D1F49D /* Sources */ = {
			isa = PBXSourcesBuildPhase;
			buildActionMask = 2147483647;
			files = (
				F1A238C82241437B00D1F49D /* HW1UITests.swift in Sources */,
			);
			runOnlyForDeploymentPostprocessing = 0;
		};
/* End PBXSourcesBuildPhase section */

/* Begin PBXTargetDependency section */
		F1A238BA2241437B00D1F49D /* PBXTargetDependency */ = {
			isa = PBXTargetDependency;
			target = F1A238A32241437A00D1F49D /* HW1 */;
			targetProxy = F1A238B92241437B00D1F49D /* PBXContainerItemProxy */;
		};
		F1A238C52241437B00D1F49D /* PBXTargetDependency */ = {
			isa = PBXTargetDependency;
			target = F1A238A32241437A00D1F49D /* HW1 */;
			targetProxy = F1A238C42241437B00D1F49D /* PBXContainerItemProxy */;
		};
/* End PBXTargetDependency section */

/* Begin PBXVariantGroup section */
		F1A238AB2241437A00D1F49D /* Main.storyboard */ = {
			isa = PBXVariantGroup;
			children = (
				F1A238AC2241437A00D1F49D /* Base */,
			);
			name = Main.storyboard;
			sourceTree = "<group>";
		};
		F1A238B02241437B00D1F49D /* LaunchScreen.storyboard */ = {
			isa = PBXVariantGroup;
			children = (
				F1A238B12241437B00D1F49D /* Base */,
			);
			name = LaunchScreen.storyboard;
			sourceTree = "<group>";
		};
/* End PBXVariantGroup section */

/* Begin XCBuildConfiguration section */
		F1A238CA2241437B00D1F49D /* Debug */ = {
			isa = XCBuildConfiguration;
			buildSettings = {
				ALWAYS_SEARCH_USER_PATHS = NO;
				CLANG_ANALYZER_NONNULL = YES;
				CLANG_ANALYZER_NUMBER_OBJECT_CONVERSION = YES_AGGRESSIVE;
				CLANG_CXX_LANGUAGE_STANDARD = "gnu++14";
				CLANG_CXX_LIBRARY = "libc++";
				CLANG_ENABLE_MODULES = YES;
				CLANG_ENABLE_OBJC_ARC = YES;
				CLANG_ENABLE_OBJC_WEAK = YES;
				CLANG_WARN_BLOCK_CAPTURE_AUTORELEASING = YES;
				CLANG_WARN_BOOL_CONVERSION = YES;
				CLANG_WARN_COMMA = YES;
				CLANG_WARN_CONSTANT_CONVERSION = YES;
				CLANG_WARN_DEPRECATED_OBJC_IMPLEMENTATIONS = YES;
				CLANG_WARN_DIRECT_OBJC_ISA_USAGE = YES_ERROR;
				CLANG_WARN_DOCUMENTATION_COMMENTS = YES;
				CLANG_WARN_EMPTY_BODY = YES;
				CLANG_WARN_ENUM_CONVERSION = YES;
				CLANG_WARN_INFINITE_RECURSION = YES;
				CLANG_WARN_INT_CONVERSION = YES;
				CLANG_WARN_NON_LITERAL_NULL_CONVERSION = YES;
				CLANG_WARN_OBJC_IMPLICIT_RETAIN_SELF = YES;
				CLANG_WARN_OBJC_LITERAL_CONVERSION = YES;
				CLANG_WARN_OBJC_ROOT_CLASS = YES_ERROR;
				CLANG_WARN_RANGE_LOOP_ANALYSIS = YES;
				CLANG_WARN_STRICT_PROTOTYPES = YES;
				CLANG_WARN_SUSPICIOUS_MOVE = YES;
				CLANG_WARN_UNGUARDED_AVAILABILITY = YES_AGGRESSIVE;
				CLANG_WARN_UNREACHABLE_CODE = YES;
				CLANG_WARN__DUPLICATE_METHOD_MATCH = YES;
				CODE_SIGN_IDENTITY = "iPhone Developer";
				COPY_PHASE_STRIP = NO;
				DEBUG_INFORMATION_FORMAT = dwarf;
				ENABLE_STRICT_OBJC_MSGSEND = YES;
				ENABLE_TESTABILITY = YES;
				GCC_C_LANGUAGE_STANDARD = gnu11;
				GCC_DYNAMIC_NO_PIC = NO;
				GCC_NO_COMMON_BLOCKS = YES;
				GCC_OPTIMIZATION_LEVEL = 0;
				GCC_PREPROCESSOR_DEFINITIONS = (
					"DEBUG=1",
					"$(inherited)",
				);
				GCC_WARN_64_TO_32_BIT_CONVERSION = YES;
				GCC_WARN_ABOUT_RETURN_TYPE = YES_ERROR;
				GCC_WARN_UNDECLARED_SELECTOR = YES;
				GCC_WARN_UNINITIALIZED_AUTOS = YES_AGGRESSIVE;
				GCC_WARN_UNUSED_FUNCTION = YES;
				GCC_WARN_UNUSED_VARIABLE = YES;
				IPHONEOS_DEPLOYMENT_TARGET = 12.1;
				MTL_ENABLE_DEBUG_INFO = INCLUDE_SOURCE;
				MTL_FAST_MATH = YES;
				ONLY_ACTIVE_ARCH = YES;
				SDKROOT = iphoneos;
				SWIFT_ACTIVE_COMPILATION_CONDITIONS = DEBUG;
				SWIFT_OPTIMIZATION_LEVEL = "-Onone";
			};
			name = Debug;
		};
		F1A238CB2241437B00D1F49D /* Release */ = {
			isa = XCBuildConfiguration;
			buildSettings = {
				ALWAYS_SEARCH_USER_PATHS = NO;
				CLANG_ANALYZER_NONNULL = YES;
				CLANG_ANALYZER_NUMBER_OBJECT_CONVERSION = YES_AGGRESSIVE;
				CLANG_CXX_LANGUAGE_STANDARD = "gnu++14";
				CLANG_CXX_LIBRARY = "libc++";
				CLANG_ENABLE_MODULES = YES;
				CLANG_ENABLE_OBJC_ARC = YES;
				CLANG_ENABLE_OBJC_WEAK = YES;
				CLANG_WARN_BLOCK_CAPTURE_AUTORELEASING = YES;
				CLANG_WARN_BOOL_CONVERSION = YES;
				CLANG_WARN_COMMA = YES;
				CLANG_WARN_CONSTANT_CONVERSION = YES;
				CLANG_WARN_DEPRECATED_OBJC_IMPLEMENTATIONS = YES;
				CLANG_WARN_DIRECT_OBJC_ISA_USAGE = YES_ERROR;
				CLANG_WARN_DOCUMENTATION_COMMENTS = YES;
				CLANG_WARN_EMPTY_BODY = YES;
				CLANG_WARN_ENUM_CONVERSION = YES;
				CLANG_WARN_INFINITE_RECURSION = YES;
				CLANG_WARN_INT_CONVERSION = YES;
				CLANG_WARN_NON_LITERAL_NULL_CONVERSION = YES;
				CLANG_WARN_OBJC_IMPLICIT_RETAIN_SELF = YES;
				CLANG_WARN_OBJC_LITERAL_CONVERSION = YES;
				CLANG_WARN_OBJC_ROOT_CLASS = YES_ERROR;
				CLANG_WARN_RANGE_LOOP_ANALYSIS = YES;
				CLANG_WARN_STRICT_PROTOTYPES = YES;
				CLANG_WARN_SUSPICIOUS_MOVE = YES;
				CLANG_WARN_UNGUARDED_AVAILABILITY = YES_AGGRESSIVE;
				CLANG_WARN_UNREACHABLE_CODE = YES;
				CLANG_WARN__DUPLICATE_METHOD_MATCH = YES;
				CODE_SIGN_IDENTITY = "iPhone Developer";
				COPY_PHASE_STRIP = NO;
				DEBUG_INFORMATION_FORMAT = "dwarf-with-dsym";
				ENABLE_NS_ASSERTIONS = NO;
				ENABLE_STRICT_OBJC_MSGSEND = YES;
				GCC_C_LANGUAGE_STANDARD = gnu11;
				GCC_NO_COMMON_BLOCKS = YES;
				GCC_WARN_64_TO_32_BIT_CONVERSION = YES;
				GCC_WARN_ABOUT_RETURN_TYPE = YES_ERROR;
				GCC_WARN_UNDECLARED_SELECTOR = YES;
				GCC_WARN_UNINITIALIZED_AUTOS = YES_AGGRESSIVE;
				GCC_WARN_UNUSED_FUNCTION = YES;
				GCC_WARN_UNUSED_VARIABLE = YES;
				IPHONEOS_DEPLOYMENT_TARGET = 12.1;
				MTL_ENABLE_DEBUG_INFO = NO;
				MTL_FAST_MATH = YES;
				SDKROOT = iphoneos;
				SWIFT_COMPILATION_MODE = wholemodule;
				SWIFT_OPTIMIZATION_LEVEL = "-O";
				VALIDATE_PRODUCT = YES;
			};
			name = Release;
		};
		F1A238CD2241437B00D1F49D /* Debug */ = {
			isa = XCBuildConfiguration;
			buildSettings = {
				ASSETCATALOG_COMPILER_APPICON_NAME = AppIcon;
				CODE_SIGN_STYLE = Automatic;
				INFOPLIST_FILE = HW1/Info.plist;
				LD_RUNPATH_SEARCH_PATHS = (
					"$(inherited)",
					"@executable_path/Frameworks",
				);
				PRODUCT_BUNDLE_IDENTIFIER = iosclass.HW1;
				PRODUCT_NAME = "$(TARGET_NAME)";
				SWIFT_VERSION = 4.2;
				TARGETED_DEVICE_FAMILY = "1,2";
			};
			name = Debug;
		};
		F1A238CE2241437B00D1F49D /* Release */ = {
			isa = XCBuildConfiguration;
			buildSettings = {
				ASSETCATALOG_COMPILER_APPICON_NAME = AppIcon;
				CODE_SIGN_STYLE = Automatic;
				INFOPLIST_FILE = HW1/Info.plist;
				LD_RUNPATH_SEARCH_PATHS = (
					"$(inherited)",
					"@executable_path/Frameworks",
				);
				PRODUCT_BUNDLE_IDENTIFIER = iosclass.HW1;
				PRODUCT_NAME = "$(TARGET_NAME)";
				SWIFT_VERSION = 4.2;
				TARGETED_DEVICE_FAMILY = "1,2";
			};
			name = Release;
		};
		F1A238D02241437B00D1F49D /* Debug */ = {
			isa = XCBuildConfiguration;
			buildSettings = {
				ALWAYS_EMBED_SWIFT_STANDARD_LIBRARIES = YES;
				BUNDLE_LOADER = "$(TEST_HOST)";
				CODE_SIGN_STYLE = Automatic;
				INFOPLIST_FILE = HW1Tests/Info.plist;
				LD_RUNPATH_SEARCH_PATHS = (
					"$(inherited)",
					"@executable_path/Frameworks",
					"@loader_path/Frameworks",
				);
				PRODUCT_BUNDLE_IDENTIFIER = iosclass.HW1Tests;
				PRODUCT_NAME = "$(TARGET_NAME)";
				SWIFT_VERSION = 4.2;
				TARGETED_DEVICE_FAMILY = "1,2";
				TEST_HOST = "$(BUILT_PRODUCTS_DIR)/HW1.app/HW1";
			};
			name = Debug;
		};
		F1A238D12241437B00D1F49D /* Release */ = {
			isa = XCBuildConfiguration;
			buildSettings = {
				ALWAYS_EMBED_SWIFT_STANDARD_LIBRARIES = YES;
				BUNDLE_LOADER = "$(TEST_HOST)";
				CODE_SIGN_STYLE = Automatic;
				INFOPLIST_FILE = HW1Tests/Info.plist;
				LD_RUNPATH_SEARCH_PATHS = (
					"$(inherited)",
					"@executable_path/Frameworks",
					"@loader_path/Frameworks",
				);
				PRODUCT_BUNDLE_IDENTIFIER = iosclass.HW1Tests;
				PRODUCT_NAME = "$(TARGET_NAME)";
				SWIFT_VERSION = 4.2;
				TARGETED_DEVICE_FAMILY = "1,2";
				TEST_HOST = "$(BUILT_PRODUCTS_DIR)/HW1.app/HW1";
			};
			name = Release;
		};
		F1A238D32241437B00D1F49D /* Debug */ = {
			isa = XCBuildConfiguration;
			buildSettings = {
				ALWAYS_EMBED_SWIFT_STANDARD_LIBRARIES = YES;
				CODE_SIGN_STYLE = Automatic;
				INFOPLIST_FILE = HW1UITests/Info.plist;
				LD_RUNPATH_SEARCH_PATHS = (
					"$(inherited)",
					"@executable_path/Frameworks",
					"@loader_path/Frameworks",
				);
				PRODUCT_BUNDLE_IDENTIFIER = iosclass.HW1UITests;
				PRODUCT_NAME = "$(TARGET_NAME)";
				SWIFT_VERSION = 4.2;
				TARGETED_DEVICE_FAMILY = "1,2";
				TEST_TARGET_NAME = HW1;
			};
			name = Debug;
		};
		F1A238D42241437B00D1F49D /* Release */ = {
			isa = XCBuildConfiguration;
			buildSettings = {
				ALWAYS_EMBED_SWIFT_STANDARD_LIBRARIES = YES;
				CODE_SIGN_STYLE = Automatic;
				INFOPLIST_FILE = HW1UITests/Info.plist;
				LD_RUNPATH_SEARCH_PATHS = (
					"$(inherited)",
					"@executable_path/Frameworks",
					"@loader_path/Frameworks",
				);
				PRODUCT_BUNDLE_IDENTIFIER = iosclass.HW1UITests;
				PRODUCT_NAME = "$(TARGET_NAME)";
				SWIFT_VERSION = 4.2;
				TARGETED_DEVICE_FAMILY = "1,2";
				TEST_TARGET_NAME = HW1;
			};
			name = Release;
		};
/* End XCBuildConfiguration section */

/* Begin XCConfigurationList section */
		F1A2389F2241437A00D1F49D /* Build configuration list for PBXProject "HW1" */ = {
			isa = XCConfigurationList;
			buildConfigurations = (
				F1A238CA2241437B00D1F49D /* Debug */,
				F1A238CB2241437B00D1F49D /* Release */,
			);
			defaultConfigurationIsVisible = 0;
			defaultConfigurationName = Release;
		};
		F1A238CC2241437B00D1F49D /* Build configuration list for PBXNativeTarget "HW1" */ = {
			isa = XCConfigurationList;
			buildConfigurations = (
				F1A238CD2241437B00D1F49D /* Debug */,
				F1A238CE2241437B00D1F49D /* Release */,
			);
			defaultConfigurationIsVisible = 0;
			defaultConfigurationName = Release;
		};
		F1A238CF2241437B00D1F49D /* Build configuration list for PBXNativeTarget "HW1Tests" */ = {
			isa = XCConfigurationList;
			buildConfigurations = (
				F1A238D02241437B00D1F49D /* Debug */,
				F1A238D12241437B00D1F49D /* Release */,
			);
			defaultConfigurationIsVisible = 0;
			defaultConfigurationName = Release;
		};
		F1A238D22241437B00D1F49D /* Build configuration list for PBXNativeTarget "HW1UITests" */ = {
			isa = XCConfigurationList;
			buildConfigurations = (
				F1A238D32241437B00D1F49D /* Debug */,
				F1A238D42241437B00D1F49D /* Release */,
			);
			defaultConfigurationIsVisible = 0;
			defaultConfigurationName = Release;
		};
/* End XCConfigurationList section */
	};
	rootObject = F1A2389C2241437A00D1F49D /* Project object */;
}
